# Generated by buf. DO NOT EDIT.
version: v1
deps:
  - remote: buf.build
    owner: authzed
    repository: api
    branch: main
    commit: a079a1fd4ba14103bcaaf3b8d208774c
    digest: b1-Pf0nETlM4RT-rsjknyl4KEzQUohv_dEvBpLexg0wTms=
    create_time: 2021-08-05T17:08:20.632378Z
  - remote: buf.build
    owner: beta
    repository: googleapis
    branch: main
    commit: 2e73676eef8642dfba4ed782b7c8d6fe
    digest: b1-vB11w98W2vFtEP4Veknm56Pi6DU6MpOuocESiOzvbqw=
    create_time: 2021-04-26T14:55:30.644663Z
  - remote: buf.build
    owner: beta
    repository: protoc-gen-validate
    branch: main
    commit: 82388a0a0cb04e98a203f95dfed5e84b
    digest: b1-lYgUMN58PxyCwvfQoopp40AJ-oHHjWXAzksF7v9U-U4=
    create_time: 2021-06-21T22:00:30.152545Z
