# Generated by buf. DO NOT EDIT.
version: v2
deps:
  - name: buf.build/authzed/api
    commit: 53f3e981ed3346bab8c050c597f74602
    digest: b5:fb42f996d63c02edd4d890058000bae6a6fc5a07b984bd8f8544a203a295506254170a89dfad32f973190753f7f8f0b9b45edab9c13e5f5485e293933f26f014
  - name: buf.build/bufbuild/protovalidate
    commit: 52f32327d4b045a79293a6ad4e7e1236
    digest: b5:cbabc98d4b7b7b0447c9b15f68eeb8a7a44ef8516cb386ac5f66e7fd4062cd6723ed3f452ad8c384b851f79e33d26e7f8a94e2b807282b3def1cd966c7eace97
  - name: buf.build/envoyproxy/protoc-gen-validate
    commit: 45685e052c7e406b9fbd441fc7a568a5
    digest: b5:63939effe0c64a94cd3151770b73007e43c9aeff31dcb24737fb11750dcaaca99338df3c1e5513828a685c743712e59ce283e046c27725e96928d200492bb6ec
  - name: buf.build/googleapis/googleapis
    commit: 711e289f6a384c4caeebaff7c6931ade
    digest: b5:968b318852fd6a5275af38047f71727d2406fb4a401912069359cd5551ee22fe4397d0e397d5e4a952eb4c96c467b82bd3c0a564fb9a48d7dfe668e4c0047c61
  - name: buf.build/grpc-ecosystem/grpc-gateway
    commit: bc28b723cd774c32b6fbc77621518765
    digest: b5:a613f827fa6ff35a4f5e87e80e35ac6b35e5792cc9c5a658351072777d88c6d4df785a0c14889090db11667cf5463d122c7193b3719c7861d3e5747c22ce1381
