# Generated by buf. DO NOT EDIT.
deps:
  - remote: buf.build
    owner: beta
    repository: googleapis
    branch: main
    commit: 2e73676eef8642dfba4ed782b7c8d6fe
    digest: b1-vB11w98W2vFtEP4Veknm56Pi6DU6MpOuocESiOzvbqw=
    create_time: 2021-04-26T14:55:30.644663Z
  - remote: buf.build
    owner: beta
    repository: protoc-gen-validate
    branch: main
    commit: 3cad65fc486c46c2b30b8b6e1e25f1d5
    digest: b1-2jXe4lM1oODjIukjnWZ6p8VmYmpkyuhHnW9X5WaSxhc=
    create_time: 2021-04-26T14:55:41.529001Z
